
Microsoft Visual Studio Solution File, Format Version 11.00
# Visual Studio 2010
Project("{FAE04EC0-301F-11D3-BF4B-00C04F79EFBC}") = "JCNC", "JCNC\JCNC.csproj", "{8B6373D7-5454-455E-9CA5-D7890F82AE5E}"
	ProjectSection(ProjectDependencies) = postProject
		{716E3DA1-07B7-4778-B185-01E4D5812861} = {716E3DA1-07B7-4778-B185-01E4D5812861}
		{B6ECCDA5-1349-4574-A4FE-4801570E08F3} = {B6ECCDA5-1349-4574-A4FE-4801570E08F3}
		{8BC522B6-3379-486C-9D5C-8555D871C7C6} = {8BC522B6-3379-486C-9D5C-8555D871C7C6}
		{BA7881BA-64CD-49AB-89B8-E713BCF59025} = {BA7881BA-64CD-49AB-89B8-E713BCF59025}
	EndProjectSection
EndProject
Project("{FAE04EC0-301F-11D3-BF4B-00C04F79EFBC}") = "JCNCDTDLL", "DllExp\JCNCDTDLL.csproj", "{6CF55EB5-43ED-47E6-B1B5-E7C1C243464C}"
EndProject
Project("{FAE04EC0-301F-11D3-BF4B-00C04F79EFBC}") = "JCNCDTCONECT", "JCNCDTCONECT\JCNCDTCONECT.csproj", "{E2F8653A-8964-434F-8F24-C2D024982709}"
EndProject
Project("{FAE04EC0-301F-11D3-BF4B-00C04F79EFBC}") = "SignalMonitorForm", "SignalMonitorForm\SignalMonitorForm.csproj", "{63F67697-C5A9-484E-B7CE-BE37AD6E15D7}"
EndProject
Project("{FAE04EC0-301F-11D3-BF4B-00C04F79EFBC}") = "IDStatus", "IDStatus\IDStatus.csproj", "{65B1E3E6-83FE-4273-B233-A913B74E3D79}"
EndProject
Project("{FAE04EC0-301F-11D3-BF4B-00C04F79EFBC}") = "Offset", "Offset\Offset.csproj", "{0BB5E4F3-B138-4B42-AF01-19AAFCF94F40}"
EndProject
Project("{FAE04EC0-301F-11D3-BF4B-00C04F79EFBC}") = "Compensation", "Compensation\Compensation.csproj", "{9D063605-13DB-4848-98BD-17D09402EF97}"
EndProject
Project("{FAE04EC0-301F-11D3-BF4B-00C04F79EFBC}") = "MDIOP", "MDIOP\MDIOP.csproj", "{BF555A3F-E419-41E5-A117-C67CAD35681F}"
EndProject
Project("{FAE04EC0-301F-11D3-BF4B-00C04F79EFBC}") = "WorkAreaLimit", "WorkAreaLimit\WorkAreaLimit.csproj", "{39E4E778-F2C7-44B3-9F37-5A40E1F491A3}"
EndProject
Project("{FAE04EC0-301F-11D3-BF4B-00C04F79EFBC}") = "JOGSetUpUI", "JOGSetUpUI\JOGSetUpUI.csproj", "{60BE7708-ED44-4B2D-B56F-EBDE0DA56B92}"
EndProject
Project("{FAE04EC0-301F-11D3-BF4B-00C04F79EFBC}") = "CoordinateSystem", "CoordinateSystem\CoordinateSystem.csproj", "{BA110FC7-F49F-4B8C-950E-2796E9D5B79F}"
EndProject
Project("{FAE04EC0-301F-11D3-BF4B-00C04F79EFBC}") = "WorkpieceMeasurement", "WorkpieceMeasurement\WorkpieceMeasurement.csproj", "{BA7881BA-64CD-49AB-89B8-E713BCF59025}"
EndProject
Project("{FAE04EC0-301F-11D3-BF4B-00C04F79EFBC}") = "JCNCShareMemory", "JCNCShareMemory\JCNCShareMemory.csproj", "{5E073087-FA5A-4440-90AB-313BFDE908F2}"
EndProject
Project("{FAE04EC0-301F-11D3-BF4B-00C04F79EFBC}") = "JCNCSystemTime", "JCNCSystemTime\JCNCSystemTime.csproj", "{75E49AD8-A6E5-4E5D-BDBE-AF29D77836ED}"
EndProject
Project("{FAE04EC0-301F-11D3-BF4B-00C04F79EFBC}") = "PagesAuthority", "PagesAuthority\PagesAuthority.csproj", "{A2E1348D-8ED8-4A82-BD8F-04D494EE3C2B}"
EndProject
Project("{FAE04EC0-301F-11D3-BF4B-00C04F79EFBC}") = "NCFormatFile", "NCFormatFile\NCFormatFile.csproj", "{E09D278B-2650-4C56-961E-14113A99EEF5}"
EndProject
Project("{FAE04EC0-301F-11D3-BF4B-00C04F79EFBC}") = "FileTransfer", "FileTransfer\FileTransfer.csproj", "{F3DDFDA9-D0BD-4C2F-8525-4D65893EC082}"
EndProject
Project("{54435603-DBB4-11D2-8724-00A0C9A8B90C}") = "JGPCNCSetup", "JGPCNCSetup\JGPCNCSetup.vdproj", "{C89809F7-E5AE-4766-8139-F3C3E9AC674C}"
EndProject
Project("{FAE04EC0-301F-11D3-BF4B-00C04F79EFBC}") = "KeyBoard", "KeyBoard\KeyBoard.csproj", "{F8DBD76D-36FB-4304-BD5B-FBEBB02DB873}"
EndProject
Project("{FAE04EC0-301F-11D3-BF4B-00C04F79EFBC}") = "ToolMeasurement", "ToolMeasurement\ToolMeasurement.csproj", "{E3895281-8E55-44A2-A9C0-C5B2542D573A}"
EndProject
Project("{FAE04EC0-301F-11D3-BF4B-00C04F79EFBC}") = "FeedrateSetupUI", "FeedrateSetupUI\FeedrateSetupUI.csproj", "{FF1B923C-2619-4FD3-AD61-76E5D5297285}"
EndProject
Project("{FAE04EC0-301F-11D3-BF4B-00C04F79EFBC}") = "HomingSetupUI", "HomingSetupUI\HomingSetupUI.csproj", "{66C27FE5-8240-46CF-BC15-B0AFCD685801}"
EndProject
Project("{FAE04EC0-301F-11D3-BF4B-00C04F79EFBC}") = "TuningMachine", "TuningMachine\TuningMachine.csproj", "{716E3DA1-07B7-4778-B185-01E4D5812861}"
EndProject
Project("{FAE04EC0-301F-11D3-BF4B-00C04F79EFBC}") = "MSTTester", "MSTTesting\MSTTester.csproj", "{8BC522B6-3379-486C-9D5C-8555D871C7C6}"
EndProject
Project("{FAE04EC0-301F-11D3-BF4B-00C04F79EFBC}") = "PureCoordinate", "PureCoordinate\PureCoordinate.csproj", "{D69F6137-15B7-4F2C-BEA5-1AB007048361}"
EndProject
Project("{FAE04EC0-301F-11D3-BF4B-00C04F79EFBC}") = "TwoFileCompare", "TwoFileCompare\TwoFileCompare.csproj", "{B6ECCDA5-1349-4574-A4FE-4801570E08F3}"
EndProject
Project("{FAE04EC0-301F-11D3-BF4B-00C04F79EFBC}") = "ServoSetupUI", "ServoSetupUI\ServoSetupUI.csproj", "{0418740E-B5E0-4A58-9390-E953F4D3E29B}"
EndProject
Project("{FAE04EC0-301F-11D3-BF4B-00C04F79EFBC}") = "ToolMagazineSetupUI", "ToolMagazine\ToolMagazineSetupUI.csproj", "{DFCFC83D-6E86-452E-A5EF-BBDE98B1AD25}"
EndProject
Global
	GlobalSection(SolutionConfigurationPlatforms) = preSolution
		Debug|Any CPU = Debug|Any CPU
		Debug|Mixed Platforms = Debug|Mixed Platforms
		Debug|x86 = Debug|x86
		Release|Any CPU = Release|Any CPU
		Release|Mixed Platforms = Release|Mixed Platforms
		Release|x86 = Release|x86
	EndGlobalSection
	GlobalSection(ProjectConfigurationPlatforms) = postSolution
		{8B6373D7-5454-455E-9CA5-D7890F82AE5E}.Debug|Any CPU.ActiveCfg = Debug|x86
		{8B6373D7-5454-455E-9CA5-D7890F82AE5E}.Debug|Mixed Platforms.ActiveCfg = Debug|x86
		{8B6373D7-5454-455E-9CA5-D7890F82AE5E}.Debug|Mixed Platforms.Build.0 = Debug|x86
		{8B6373D7-5454-455E-9CA5-D7890F82AE5E}.Debug|x86.ActiveCfg = Debug|x86
		{8B6373D7-5454-455E-9CA5-D7890F82AE5E}.Debug|x86.Build.0 = Debug|x86
		{8B6373D7-5454-455E-9CA5-D7890F82AE5E}.Release|Any CPU.ActiveCfg = Release|x86
		{8B6373D7-5454-455E-9CA5-D7890F82AE5E}.Release|Any CPU.Build.0 = Release|x86
		{8B6373D7-5454-455E-9CA5-D7890F82AE5E}.Release|Mixed Platforms.ActiveCfg = Release|x86
		{8B6373D7-5454-455E-9CA5-D7890F82AE5E}.Release|Mixed Platforms.Build.0 = Release|x86
		{8B6373D7-5454-455E-9CA5-D7890F82AE5E}.Release|x86.ActiveCfg = Release|Any CPU
		{8B6373D7-5454-455E-9CA5-D7890F82AE5E}.Release|x86.Build.0 = Release|Any CPU
		{6CF55EB5-43ED-47E6-B1B5-E7C1C243464C}.Debug|Any CPU.ActiveCfg = Debug|Any CPU
		{6CF55EB5-43ED-47E6-B1B5-E7C1C243464C}.Debug|Any CPU.Build.0 = Debug|Any CPU
		{6CF55EB5-43ED-47E6-B1B5-E7C1C243464C}.Debug|Mixed Platforms.ActiveCfg = Debug|Any CPU
		{6CF55EB5-43ED-47E6-B1B5-E7C1C243464C}.Debug|Mixed Platforms.Build.0 = Debug|Any CPU
		{6CF55EB5-43ED-47E6-B1B5-E7C1C243464C}.Debug|x86.ActiveCfg = Debug|Any CPU
		{6CF55EB5-43ED-47E6-B1B5-E7C1C243464C}.Release|Any CPU.ActiveCfg = Release|Any CPU
		{6CF55EB5-43ED-47E6-B1B5-E7C1C243464C}.Release|Any CPU.Build.0 = Release|Any CPU
		{6CF55EB5-43ED-47E6-B1B5-E7C1C243464C}.Release|Mixed Platforms.ActiveCfg = Release|Any CPU
		{6CF55EB5-43ED-47E6-B1B5-E7C1C243464C}.Release|Mixed Platforms.Build.0 = Release|Any CPU
		{6CF55EB5-43ED-47E6-B1B5-E7C1C243464C}.Release|x86.ActiveCfg = Release|Any CPU
		{6CF55EB5-43ED-47E6-B1B5-E7C1C243464C}.Release|x86.Build.0 = Release|Any CPU
		{E2F8653A-8964-434F-8F24-C2D024982709}.Debug|Any CPU.ActiveCfg = Debug|Any CPU
		{E2F8653A-8964-434F-8F24-C2D024982709}.Debug|Any CPU.Build.0 = Debug|Any CPU
		{E2F8653A-8964-434F-8F24-C2D024982709}.Debug|Mixed Platforms.ActiveCfg = Debug|Any CPU
		{E2F8653A-8964-434F-8F24-C2D024982709}.Debug|Mixed Platforms.Build.0 = Debug|Any CPU
		{E2F8653A-8964-434F-8F24-C2D024982709}.Debug|x86.ActiveCfg = Debug|Any CPU
		{E2F8653A-8964-434F-8F24-C2D024982709}.Release|Any CPU.ActiveCfg = Release|Any CPU
		{E2F8653A-8964-434F-8F24-C2D024982709}.Release|Any CPU.Build.0 = Release|Any CPU
		{E2F8653A-8964-434F-8F24-C2D024982709}.Release|Mixed Platforms.ActiveCfg = Release|Any CPU
		{E2F8653A-8964-434F-8F24-C2D024982709}.Release|Mixed Platforms.Build.0 = Release|Any CPU
		{E2F8653A-8964-434F-8F24-C2D024982709}.Release|x86.ActiveCfg = Release|Any CPU
		{E2F8653A-8964-434F-8F24-C2D024982709}.Release|x86.Build.0 = Release|Any CPU
		{63F67697-C5A9-484E-B7CE-BE37AD6E15D7}.Debug|Any CPU.ActiveCfg = Debug|Any CPU
		{63F67697-C5A9-484E-B7CE-BE37AD6E15D7}.Debug|Any CPU.Build.0 = Debug|Any CPU
		{63F67697-C5A9-484E-B7CE-BE37AD6E15D7}.Debug|Mixed Platforms.ActiveCfg = Debug|Any CPU
		{63F67697-C5A9-484E-B7CE-BE37AD6E15D7}.Debug|Mixed Platforms.Build.0 = Debug|Any CPU
		{63F67697-C5A9-484E-B7CE-BE37AD6E15D7}.Debug|x86.ActiveCfg = Debug|Any CPU
		{63F67697-C5A9-484E-B7CE-BE37AD6E15D7}.Release|Any CPU.ActiveCfg = Release|Any CPU
		{63F67697-C5A9-484E-B7CE-BE37AD6E15D7}.Release|Any CPU.Build.0 = Release|Any CPU
		{63F67697-C5A9-484E-B7CE-BE37AD6E15D7}.Release|Mixed Platforms.ActiveCfg = Release|Any CPU
		{63F67697-C5A9-484E-B7CE-BE37AD6E15D7}.Release|Mixed Platforms.Build.0 = Release|Any CPU
		{63F67697-C5A9-484E-B7CE-BE37AD6E15D7}.Release|x86.ActiveCfg = Release|Any CPU
		{63F67697-C5A9-484E-B7CE-BE37AD6E15D7}.Release|x86.Build.0 = Release|Any CPU
		{65B1E3E6-83FE-4273-B233-A913B74E3D79}.Debug|Any CPU.ActiveCfg = Debug|Any CPU
		{65B1E3E6-83FE-4273-B233-A913B74E3D79}.Debug|Any CPU.Build.0 = Debug|Any CPU
		{65B1E3E6-83FE-4273-B233-A913B74E3D79}.Debug|Mixed Platforms.ActiveCfg = Debug|Any CPU
		{65B1E3E6-83FE-4273-B233-A913B74E3D79}.Debug|Mixed Platforms.Build.0 = Debug|Any CPU
		{65B1E3E6-83FE-4273-B233-A913B74E3D79}.Debug|x86.ActiveCfg = Debug|Any CPU
		{65B1E3E6-83FE-4273-B233-A913B74E3D79}.Release|Any CPU.ActiveCfg = Release|Any CPU
		{65B1E3E6-83FE-4273-B233-A913B74E3D79}.Release|Any CPU.Build.0 = Release|Any CPU
		{65B1E3E6-83FE-4273-B233-A913B74E3D79}.Release|Mixed Platforms.ActiveCfg = Release|Any CPU
		{65B1E3E6-83FE-4273-B233-A913B74E3D79}.Release|Mixed Platforms.Build.0 = Release|Any CPU
		{65B1E3E6-83FE-4273-B233-A913B74E3D79}.Release|x86.ActiveCfg = Release|Any CPU
		{65B1E3E6-83FE-4273-B233-A913B74E3D79}.Release|x86.Build.0 = Release|Any CPU
		{0BB5E4F3-B138-4B42-AF01-19AAFCF94F40}.Debug|Any CPU.ActiveCfg = Debug|Any CPU
		{0BB5E4F3-B138-4B42-AF01-19AAFCF94F40}.Debug|Any CPU.Build.0 = Debug|Any CPU
		{0BB5E4F3-B138-4B42-AF01-19AAFCF94F40}.Debug|Mixed Platforms.ActiveCfg = Debug|Any CPU
		{0BB5E4F3-B138-4B42-AF01-19AAFCF94F40}.Debug|Mixed Platforms.Build.0 = Debug|Any CPU
		{0BB5E4F3-B138-4B42-AF01-19AAFCF94F40}.Debug|x86.ActiveCfg = Debug|Any CPU
		{0BB5E4F3-B138-4B42-AF01-19AAFCF94F40}.Release|Any CPU.ActiveCfg = Release|Any CPU
		{0BB5E4F3-B138-4B42-AF01-19AAFCF94F40}.Release|Any CPU.Build.0 = Release|Any CPU
		{0BB5E4F3-B138-4B42-AF01-19AAFCF94F40}.Release|Mixed Platforms.ActiveCfg = Release|Any CPU
		{0BB5E4F3-B138-4B42-AF01-19AAFCF94F40}.Release|Mixed Platforms.Build.0 = Release|Any CPU
		{0BB5E4F3-B138-4B42-AF01-19AAFCF94F40}.Release|x86.ActiveCfg = Release|Any CPU
		{0BB5E4F3-B138-4B42-AF01-19AAFCF94F40}.Release|x86.Build.0 = Release|Any CPU
		{9D063605-13DB-4848-98BD-17D09402EF97}.Debug|Any CPU.ActiveCfg = Debug|Any CPU
		{9D063605-13DB-4848-98BD-17D09402EF97}.Debug|Any CPU.Build.0 = Debug|Any CPU
		{9D063605-13DB-4848-98BD-17D09402EF97}.Debug|Mixed Platforms.ActiveCfg = Debug|Any CPU
		{9D063605-13DB-4848-98BD-17D09402EF97}.Debug|Mixed Platforms.Build.0 = Debug|Any CPU
		{9D063605-13DB-4848-98BD-17D09402EF97}.Debug|x86.ActiveCfg = Debug|Any CPU
		{9D063605-13DB-4848-98BD-17D09402EF97}.Release|Any CPU.ActiveCfg = Release|Any CPU
		{9D063605-13DB-4848-98BD-17D09402EF97}.Release|Any CPU.Build.0 = Release|Any CPU
		{9D063605-13DB-4848-98BD-17D09402EF97}.Release|Mixed Platforms.ActiveCfg = Release|Any CPU
		{9D063605-13DB-4848-98BD-17D09402EF97}.Release|Mixed Platforms.Build.0 = Release|Any CPU
		{9D063605-13DB-4848-98BD-17D09402EF97}.Release|x86.ActiveCfg = Release|Any CPU
		{9D063605-13DB-4848-98BD-17D09402EF97}.Release|x86.Build.0 = Release|Any CPU
		{BF555A3F-E419-41E5-A117-C67CAD35681F}.Debug|Any CPU.ActiveCfg = Debug|Any CPU
		{BF555A3F-E419-41E5-A117-C67CAD35681F}.Debug|Any CPU.Build.0 = Debug|Any CPU
		{BF555A3F-E419-41E5-A117-C67CAD35681F}.Debug|Mixed Platforms.ActiveCfg = Debug|Any CPU
		{BF555A3F-E419-41E5-A117-C67CAD35681F}.Debug|Mixed Platforms.Build.0 = Debug|Any CPU
		{BF555A3F-E419-41E5-A117-C67CAD35681F}.Debug|x86.ActiveCfg = Debug|Any CPU
		{BF555A3F-E419-41E5-A117-C67CAD35681F}.Release|Any CPU.ActiveCfg = Release|Any CPU
		{BF555A3F-E419-41E5-A117-C67CAD35681F}.Release|Any CPU.Build.0 = Release|Any CPU
		{BF555A3F-E419-41E5-A117-C67CAD35681F}.Release|Mixed Platforms.ActiveCfg = Release|Any CPU
		{BF555A3F-E419-41E5-A117-C67CAD35681F}.Release|Mixed Platforms.Build.0 = Release|Any CPU
		{BF555A3F-E419-41E5-A117-C67CAD35681F}.Release|x86.ActiveCfg = Release|Any CPU
		{BF555A3F-E419-41E5-A117-C67CAD35681F}.Release|x86.Build.0 = Release|Any CPU
		{39E4E778-F2C7-44B3-9F37-5A40E1F491A3}.Debug|Any CPU.ActiveCfg = Debug|Any CPU
		{39E4E778-F2C7-44B3-9F37-5A40E1F491A3}.Debug|Any CPU.Build.0 = Debug|Any CPU
		{39E4E778-F2C7-44B3-9F37-5A40E1F491A3}.Debug|Mixed Platforms.ActiveCfg = Debug|Any CPU
		{39E4E778-F2C7-44B3-9F37-5A40E1F491A3}.Debug|Mixed Platforms.Build.0 = Debug|Any CPU
		{39E4E778-F2C7-44B3-9F37-5A40E1F491A3}.Debug|x86.ActiveCfg = Debug|Any CPU
		{39E4E778-F2C7-44B3-9F37-5A40E1F491A3}.Release|Any CPU.ActiveCfg = Release|Any CPU
		{39E4E778-F2C7-44B3-9F37-5A40E1F491A3}.Release|Any CPU.Build.0 = Release|Any CPU
		{39E4E778-F2C7-44B3-9F37-5A40E1F491A3}.Release|Mixed Platforms.ActiveCfg = Release|Any CPU
		{39E4E778-F2C7-44B3-9F37-5A40E1F491A3}.Release|Mixed Platforms.Build.0 = Release|Any CPU
		{39E4E778-F2C7-44B3-9F37-5A40E1F491A3}.Release|x86.ActiveCfg = Release|Any CPU
		{39E4E778-F2C7-44B3-9F37-5A40E1F491A3}.Release|x86.Build.0 = Release|Any CPU
		{60BE7708-ED44-4B2D-B56F-EBDE0DA56B92}.Debug|Any CPU.ActiveCfg = Debug|Any CPU
		{60BE7708-ED44-4B2D-B56F-EBDE0DA56B92}.Debug|Any CPU.Build.0 = Debug|Any CPU
		{60BE7708-ED44-4B2D-B56F-EBDE0DA56B92}.Debug|Mixed Platforms.ActiveCfg = Debug|Any CPU
		{60BE7708-ED44-4B2D-B56F-EBDE0DA56B92}.Debug|Mixed Platforms.Build.0 = Debug|Any CPU
		{60BE7708-ED44-4B2D-B56F-EBDE0DA56B92}.Debug|x86.ActiveCfg = Debug|Any CPU
		{60BE7708-ED44-4B2D-B56F-EBDE0DA56B92}.Release|Any CPU.ActiveCfg = Release|Any CPU
		{60BE7708-ED44-4B2D-B56F-EBDE0DA56B92}.Release|Any CPU.Build.0 = Release|Any CPU
		{60BE7708-ED44-4B2D-B56F-EBDE0DA56B92}.Release|Mixed Platforms.ActiveCfg = Release|Any CPU
		{60BE7708-ED44-4B2D-B56F-EBDE0DA56B92}.Release|Mixed Platforms.Build.0 = Release|Any CPU
		{60BE7708-ED44-4B2D-B56F-EBDE0DA56B92}.Release|x86.ActiveCfg = Release|Any CPU
		{60BE7708-ED44-4B2D-B56F-EBDE0DA56B92}.Release|x86.Build.0 = Release|Any CPU
		{BA110FC7-F49F-4B8C-950E-2796E9D5B79F}.Debug|Any CPU.ActiveCfg = Debug|Any CPU
		{BA110FC7-F49F-4B8C-950E-2796E9D5B79F}.Debug|Any CPU.Build.0 = Debug|Any CPU
		{BA110FC7-F49F-4B8C-950E-2796E9D5B79F}.Debug|Mixed Platforms.ActiveCfg = Debug|Any CPU
		{BA110FC7-F49F-4B8C-950E-2796E9D5B79F}.Debug|Mixed Platforms.Build.0 = Debug|Any CPU
		{BA110FC7-F49F-4B8C-950E-2796E9D5B79F}.Debug|x86.ActiveCfg = Debug|Any CPU
		{BA110FC7-F49F-4B8C-950E-2796E9D5B79F}.Release|Any CPU.ActiveCfg = Release|Any CPU
		{BA110FC7-F49F-4B8C-950E-2796E9D5B79F}.Release|Any CPU.Build.0 = Release|Any CPU
		{BA110FC7-F49F-4B8C-950E-2796E9D5B79F}.Release|Mixed Platforms.ActiveCfg = Release|Any CPU
		{BA110FC7-F49F-4B8C-950E-2796E9D5B79F}.Release|Mixed Platforms.Build.0 = Release|Any CPU
		{BA110FC7-F49F-4B8C-950E-2796E9D5B79F}.Release|x86.ActiveCfg = Release|Any CPU
		{BA110FC7-F49F-4B8C-950E-2796E9D5B79F}.Release|x86.Build.0 = Release|Any CPU
		{BA7881BA-64CD-49AB-89B8-E713BCF59025}.Debug|Any CPU.ActiveCfg = Debug|Any CPU
		{BA7881BA-64CD-49AB-89B8-E713BCF59025}.Debug|Any CPU.Build.0 = Debug|Any CPU
		{BA7881BA-64CD-49AB-89B8-E713BCF59025}.Debug|Mixed Platforms.ActiveCfg = Debug|Any CPU
		{BA7881BA-64CD-49AB-89B8-E713BCF59025}.Debug|Mixed Platforms.Build.0 = Debug|Any CPU
		{BA7881BA-64CD-49AB-89B8-E713BCF59025}.Debug|x86.ActiveCfg = Debug|Any CPU
		{BA7881BA-64CD-49AB-89B8-E713BCF59025}.Release|Any CPU.ActiveCfg = Release|Any CPU
		{BA7881BA-64CD-49AB-89B8-E713BCF59025}.Release|Any CPU.Build.0 = Release|Any CPU
		{BA7881BA-64CD-49AB-89B8-E713BCF59025}.Release|Mixed Platforms.ActiveCfg = Release|Any CPU
		{BA7881BA-64CD-49AB-89B8-E713BCF59025}.Release|Mixed Platforms.Build.0 = Release|Any CPU
		{BA7881BA-64CD-49AB-89B8-E713BCF59025}.Release|x86.ActiveCfg = Release|Any CPU
		{BA7881BA-64CD-49AB-89B8-E713BCF59025}.Release|x86.Build.0 = Release|Any CPU
		{5E073087-FA5A-4440-90AB-313BFDE908F2}.Debug|Any CPU.ActiveCfg = Debug|Any CPU
		{5E073087-FA5A-4440-90AB-313BFDE908F2}.Debug|Any CPU.Build.0 = Debug|Any CPU
		{5E073087-FA5A-4440-90AB-313BFDE908F2}.Debug|Mixed Platforms.ActiveCfg = Debug|Any CPU
		{5E073087-FA5A-4440-90AB-313BFDE908F2}.Debug|Mixed Platforms.Build.0 = Debug|Any CPU
		{5E073087-FA5A-4440-90AB-313BFDE908F2}.Debug|x86.ActiveCfg = Debug|Any CPU
		{5E073087-FA5A-4440-90AB-313BFDE908F2}.Release|Any CPU.ActiveCfg = Release|Any CPU
		{5E073087-FA5A-4440-90AB-313BFDE908F2}.Release|Any CPU.Build.0 = Release|Any CPU
		{5E073087-FA5A-4440-90AB-313BFDE908F2}.Release|Mixed Platforms.ActiveCfg = Release|Any CPU
		{5E073087-FA5A-4440-90AB-313BFDE908F2}.Release|Mixed Platforms.Build.0 = Release|Any CPU
		{5E073087-FA5A-4440-90AB-313BFDE908F2}.Release|x86.ActiveCfg = Release|Any CPU
		{5E073087-FA5A-4440-90AB-313BFDE908F2}.Release|x86.Build.0 = Release|Any CPU
		{75E49AD8-A6E5-4E5D-BDBE-AF29D77836ED}.Debug|Any CPU.ActiveCfg = Debug|Any CPU
		{75E49AD8-A6E5-4E5D-BDBE-AF29D77836ED}.Debug|Any CPU.Build.0 = Debug|Any CPU
		{75E49AD8-A6E5-4E5D-BDBE-AF29D77836ED}.Debug|Mixed Platforms.ActiveCfg = Debug|Any CPU
		{75E49AD8-A6E5-4E5D-BDBE-AF29D77836ED}.Debug|Mixed Platforms.Build.0 = Debug|Any CPU
		{75E49AD8-A6E5-4E5D-BDBE-AF29D77836ED}.Debug|x86.ActiveCfg = Debug|Any CPU
		{75E49AD8-A6E5-4E5D-BDBE-AF29D77836ED}.Release|Any CPU.ActiveCfg = Release|Any CPU
		{75E49AD8-A6E5-4E5D-BDBE-AF29D77836ED}.Release|Any CPU.Build.0 = Release|Any CPU
		{75E49AD8-A6E5-4E5D-BDBE-AF29D77836ED}.Release|Mixed Platforms.ActiveCfg = Release|Any CPU
		{75E49AD8-A6E5-4E5D-BDBE-AF29D77836ED}.Release|Mixed Platforms.Build.0 = Release|Any CPU
		{75E49AD8-A6E5-4E5D-BDBE-AF29D77836ED}.Release|x86.ActiveCfg = Release|Any CPU
		{75E49AD8-A6E5-4E5D-BDBE-AF29D77836ED}.Release|x86.Build.0 = Release|Any CPU
		{A2E1348D-8ED8-4A82-BD8F-04D494EE3C2B}.Debug|Any CPU.ActiveCfg = Debug|Any CPU
		{A2E1348D-8ED8-4A82-BD8F-04D494EE3C2B}.Debug|Any CPU.Build.0 = Debug|Any CPU
		{A2E1348D-8ED8-4A82-BD8F-04D494EE3C2B}.Debug|Mixed Platforms.ActiveCfg = Debug|Any CPU
		{A2E1348D-8ED8-4A82-BD8F-04D494EE3C2B}.Debug|Mixed Platforms.Build.0 = Debug|Any CPU
		{A2E1348D-8ED8-4A82-BD8F-04D494EE3C2B}.Debug|x86.ActiveCfg = Debug|Any CPU
		{A2E1348D-8ED8-4A82-BD8F-04D494EE3C2B}.Release|Any CPU.ActiveCfg = Release|Any CPU
		{A2E1348D-8ED8-4A82-BD8F-04D494EE3C2B}.Release|Any CPU.Build.0 = Release|Any CPU
		{A2E1348D-8ED8-4A82-BD8F-04D494EE3C2B}.Release|Mixed Platforms.ActiveCfg = Release|Any CPU
		{A2E1348D-8ED8-4A82-BD8F-04D494EE3C2B}.Release|Mixed Platforms.Build.0 = Release|Any CPU
		{A2E1348D-8ED8-4A82-BD8F-04D494EE3C2B}.Release|x86.ActiveCfg = Release|Any CPU
		{A2E1348D-8ED8-4A82-BD8F-04D494EE3C2B}.Release|x86.Build.0 = Release|Any CPU
		{E09D278B-2650-4C56-961E-14113A99EEF5}.Debug|Any CPU.ActiveCfg = Debug|Any CPU
		{E09D278B-2650-4C56-961E-14113A99EEF5}.Debug|Any CPU.Build.0 = Debug|Any CPU
		{E09D278B-2650-4C56-961E-14113A99EEF5}.Debug|Mixed Platforms.ActiveCfg = Debug|Any CPU
		{E09D278B-2650-4C56-961E-14113A99EEF5}.Debug|Mixed Platforms.Build.0 = Debug|Any CPU
		{E09D278B-2650-4C56-961E-14113A99EEF5}.Debug|x86.ActiveCfg = Debug|Any CPU
		{E09D278B-2650-4C56-961E-14113A99EEF5}.Release|Any CPU.ActiveCfg = Release|Any CPU
		{E09D278B-2650-4C56-961E-14113A99EEF5}.Release|Any CPU.Build.0 = Release|Any CPU
		{E09D278B-2650-4C56-961E-14113A99EEF5}.Release|Mixed Platforms.ActiveCfg = Release|Any CPU
		{E09D278B-2650-4C56-961E-14113A99EEF5}.Release|Mixed Platforms.Build.0 = Release|Any CPU
		{E09D278B-2650-4C56-961E-14113A99EEF5}.Release|x86.ActiveCfg = Release|Any CPU
		{E09D278B-2650-4C56-961E-14113A99EEF5}.Release|x86.Build.0 = Release|Any CPU
		{F3DDFDA9-D0BD-4C2F-8525-4D65893EC082}.Debug|Any CPU.ActiveCfg = Debug|x86
		{F3DDFDA9-D0BD-4C2F-8525-4D65893EC082}.Debug|Mixed Platforms.ActiveCfg = Debug|x86
		{F3DDFDA9-D0BD-4C2F-8525-4D65893EC082}.Debug|Mixed Platforms.Build.0 = Debug|x86
		{F3DDFDA9-D0BD-4C2F-8525-4D65893EC082}.Debug|x86.ActiveCfg = Debug|x86
		{F3DDFDA9-D0BD-4C2F-8525-4D65893EC082}.Debug|x86.Build.0 = Debug|x86
		{F3DDFDA9-D0BD-4C2F-8525-4D65893EC082}.Release|Any CPU.ActiveCfg = Release|x86
		{F3DDFDA9-D0BD-4C2F-8525-4D65893EC082}.Release|Any CPU.Build.0 = Release|x86
		{F3DDFDA9-D0BD-4C2F-8525-4D65893EC082}.Release|Mixed Platforms.ActiveCfg = Release|x86
		{F3DDFDA9-D0BD-4C2F-8525-4D65893EC082}.Release|Mixed Platforms.Build.0 = Release|x86
		{F3DDFDA9-D0BD-4C2F-8525-4D65893EC082}.Release|x86.ActiveCfg = Release|Any CPU
		{F3DDFDA9-D0BD-4C2F-8525-4D65893EC082}.Release|x86.Build.0 = Release|Any CPU
		{C89809F7-E5AE-4766-8139-F3C3E9AC674C}.Debug|Any CPU.ActiveCfg = Debug
		{C89809F7-E5AE-4766-8139-F3C3E9AC674C}.Debug|Any CPU.Build.0 = Debug
		{C89809F7-E5AE-4766-8139-F3C3E9AC674C}.Debug|Mixed Platforms.ActiveCfg = Debug
		{C89809F7-E5AE-4766-8139-F3C3E9AC674C}.Debug|Mixed Platforms.Build.0 = Debug
		{C89809F7-E5AE-4766-8139-F3C3E9AC674C}.Debug|x86.ActiveCfg = Debug
		{C89809F7-E5AE-4766-8139-F3C3E9AC674C}.Debug|x86.Build.0 = Debug
		{C89809F7-E5AE-4766-8139-F3C3E9AC674C}.Release|Any CPU.ActiveCfg = Release
		{C89809F7-E5AE-4766-8139-F3C3E9AC674C}.Release|Any CPU.Build.0 = Release
		{C89809F7-E5AE-4766-8139-F3C3E9AC674C}.Release|Mixed Platforms.ActiveCfg = Release
		{C89809F7-E5AE-4766-8139-F3C3E9AC674C}.Release|Mixed Platforms.Build.0 = Release
		{C89809F7-E5AE-4766-8139-F3C3E9AC674C}.Release|x86.ActiveCfg = Release
		{F8DBD76D-36FB-4304-BD5B-FBEBB02DB873}.Debug|Any CPU.ActiveCfg = Debug|x86
		{F8DBD76D-36FB-4304-BD5B-FBEBB02DB873}.Debug|Mixed Platforms.ActiveCfg = Debug|x86
		{F8DBD76D-36FB-4304-BD5B-FBEBB02DB873}.Debug|Mixed Platforms.Build.0 = Debug|x86
		{F8DBD76D-36FB-4304-BD5B-FBEBB02DB873}.Debug|x86.ActiveCfg = Debug|x86
		{F8DBD76D-36FB-4304-BD5B-FBEBB02DB873}.Debug|x86.Build.0 = Debug|x86
		{F8DBD76D-36FB-4304-BD5B-FBEBB02DB873}.Release|Any CPU.ActiveCfg = Release|x86
		{F8DBD76D-36FB-4304-BD5B-FBEBB02DB873}.Release|Any CPU.Build.0 = Release|x86
		{F8DBD76D-36FB-4304-BD5B-FBEBB02DB873}.Release|Mixed Platforms.ActiveCfg = Release|x86
		{F8DBD76D-36FB-4304-BD5B-FBEBB02DB873}.Release|Mixed Platforms.Build.0 = Release|x86
		{F8DBD76D-36FB-4304-BD5B-FBEBB02DB873}.Release|x86.ActiveCfg = Release|Any CPU
		{F8DBD76D-36FB-4304-BD5B-FBEBB02DB873}.Release|x86.Build.0 = Release|Any CPU
		{E3895281-8E55-44A2-A9C0-C5B2542D573A}.Debug|Any CPU.ActiveCfg = Debug|Any CPU
		{E3895281-8E55-44A2-A9C0-C5B2542D573A}.Debug|Any CPU.Build.0 = Debug|Any CPU
		{E3895281-8E55-44A2-A9C0-C5B2542D573A}.Debug|Mixed Platforms.ActiveCfg = Debug|Any CPU
		{E3895281-8E55-44A2-A9C0-C5B2542D573A}.Debug|Mixed Platforms.Build.0 = Debug|Any CPU
		{E3895281-8E55-44A2-A9C0-C5B2542D573A}.Debug|x86.ActiveCfg = Debug|Any CPU
		{E3895281-8E55-44A2-A9C0-C5B2542D573A}.Release|Any CPU.ActiveCfg = Release|Any CPU
		{E3895281-8E55-44A2-A9C0-C5B2542D573A}.Release|Any CPU.Build.0 = Release|Any CPU
		{E3895281-8E55-44A2-A9C0-C5B2542D573A}.Release|Mixed Platforms.ActiveCfg = Release|Any CPU
		{E3895281-8E55-44A2-A9C0-C5B2542D573A}.Release|Mixed Platforms.Build.0 = Release|Any CPU
		{E3895281-8E55-44A2-A9C0-C5B2542D573A}.Release|x86.ActiveCfg = Release|Any CPU
		{E3895281-8E55-44A2-A9C0-C5B2542D573A}.Release|x86.Build.0 = Release|Any CPU
		{FF1B923C-2619-4FD3-AD61-76E5D5297285}.Debug|Any CPU.ActiveCfg = Debug|Any CPU
		{FF1B923C-2619-4FD3-AD61-76E5D5297285}.Debug|Any CPU.Build.0 = Debug|Any CPU
		{FF1B923C-2619-4FD3-AD61-76E5D5297285}.Debug|Mixed Platforms.ActiveCfg = Debug|Any CPU
		{FF1B923C-2619-4FD3-AD61-76E5D5297285}.Debug|Mixed Platforms.Build.0 = Debug|Any CPU
		{FF1B923C-2619-4FD3-AD61-76E5D5297285}.Debug|x86.ActiveCfg = Debug|Any CPU
		{FF1B923C-2619-4FD3-AD61-76E5D5297285}.Release|Any CPU.ActiveCfg = Release|Any CPU
		{FF1B923C-2619-4FD3-AD61-76E5D5297285}.Release|Any CPU.Build.0 = Release|Any CPU
		{FF1B923C-2619-4FD3-AD61-76E5D5297285}.Release|Mixed Platforms.ActiveCfg = Release|Any CPU
		{FF1B923C-2619-4FD3-AD61-76E5D5297285}.Release|Mixed Platforms.Build.0 = Release|Any CPU
		{FF1B923C-2619-4FD3-AD61-76E5D5297285}.Release|x86.ActiveCfg = Release|Any CPU
		{FF1B923C-2619-4FD3-AD61-76E5D5297285}.Release|x86.Build.0 = Release|Any CPU
		{66C27FE5-8240-46CF-BC15-B0AFCD685801}.Debug|Any CPU.ActiveCfg = Debug|Any CPU
		{66C27FE5-8240-46CF-BC15-B0AFCD685801}.Debug|Any CPU.Build.0 = Debug|Any CPU
		{66C27FE5-8240-46CF-BC15-B0AFCD685801}.Debug|Mixed Platforms.ActiveCfg = Debug|Any CPU
		{66C27FE5-8240-46CF-BC15-B0AFCD685801}.Debug|Mixed Platforms.Build.0 = Debug|Any CPU
		{66C27FE5-8240-46CF-BC15-B0AFCD685801}.Debug|x86.ActiveCfg = Debug|Any CPU
		{66C27FE5-8240-46CF-BC15-B0AFCD685801}.Release|Any CPU.ActiveCfg = Release|Any CPU
		{66C27FE5-8240-46CF-BC15-B0AFCD685801}.Release|Any CPU.Build.0 = Release|Any CPU
		{66C27FE5-8240-46CF-BC15-B0AFCD685801}.Release|Mixed Platforms.ActiveCfg = Release|Any CPU
		{66C27FE5-8240-46CF-BC15-B0AFCD685801}.Release|Mixed Platforms.Build.0 = Release|Any CPU
		{66C27FE5-8240-46CF-BC15-B0AFCD685801}.Release|x86.ActiveCfg = Release|Any CPU
		{66C27FE5-8240-46CF-BC15-B0AFCD685801}.Release|x86.Build.0 = Release|Any CPU
		{716E3DA1-07B7-4778-B185-01E4D5812861}.Debug|Any CPU.ActiveCfg = Debug|Any CPU
		{716E3DA1-07B7-4778-B185-01E4D5812861}.Debug|Any CPU.Build.0 = Debug|Any CPU
		{716E3DA1-07B7-4778-B185-01E4D5812861}.Debug|Mixed Platforms.ActiveCfg = Debug|Any CPU
		{716E3DA1-07B7-4778-B185-01E4D5812861}.Debug|Mixed Platforms.Build.0 = Debug|Any CPU
		{716E3DA1-07B7-4778-B185-01E4D5812861}.Debug|x86.ActiveCfg = Debug|Any CPU
		{716E3DA1-07B7-4778-B185-01E4D5812861}.Release|Any CPU.ActiveCfg = Release|Any CPU
		{716E3DA1-07B7-4778-B185-01E4D5812861}.Release|Any CPU.Build.0 = Release|Any CPU
		{716E3DA1-07B7-4778-B185-01E4D5812861}.Release|Mixed Platforms.ActiveCfg = Release|Any CPU
		{716E3DA1-07B7-4778-B185-01E4D5812861}.Release|Mixed Platforms.Build.0 = Release|Any CPU
		{716E3DA1-07B7-4778-B185-01E4D5812861}.Release|x86.ActiveCfg = Release|Any CPU
		{716E3DA1-07B7-4778-B185-01E4D5812861}.Release|x86.Build.0 = Release|Any CPU
		{8BC522B6-3379-486C-9D5C-8555D871C7C6}.Debug|Any CPU.ActiveCfg = Debug|Any CPU
		{8BC522B6-3379-486C-9D5C-8555D871C7C6}.Debug|Any CPU.Build.0 = Debug|Any CPU
		{8BC522B6-3379-486C-9D5C-8555D871C7C6}.Debug|Mixed Platforms.ActiveCfg = Debug|Any CPU
		{8BC522B6-3379-486C-9D5C-8555D871C7C6}.Debug|Mixed Platforms.Build.0 = Debug|Any CPU
		{8BC522B6-3379-486C-9D5C-8555D871C7C6}.Debug|x86.ActiveCfg = Debug|Any CPU
		{8BC522B6-3379-486C-9D5C-8555D871C7C6}.Release|Any CPU.ActiveCfg = Release|Any CPU
		{8BC522B6-3379-486C-9D5C-8555D871C7C6}.Release|Any CPU.Build.0 = Release|Any CPU
		{8BC522B6-3379-486C-9D5C-8555D871C7C6}.Release|Mixed Platforms.ActiveCfg = Release|Any CPU
		{8BC522B6-3379-486C-9D5C-8555D871C7C6}.Release|Mixed Platforms.Build.0 = Release|Any CPU
		{8BC522B6-3379-486C-9D5C-8555D871C7C6}.Release|x86.ActiveCfg = Release|Any CPU
		{8BC522B6-3379-486C-9D5C-8555D871C7C6}.Release|x86.Build.0 = Release|Any CPU
		{D69F6137-15B7-4F2C-BEA5-1AB007048361}.Debug|Any CPU.ActiveCfg = Debug|Any CPU
		{D69F6137-15B7-4F2C-BEA5-1AB007048361}.Debug|Any CPU.Build.0 = Debug|Any CPU
		{D69F6137-15B7-4F2C-BEA5-1AB007048361}.Debug|Mixed Platforms.ActiveCfg = Debug|Any CPU
		{D69F6137-15B7-4F2C-BEA5-1AB007048361}.Debug|Mixed Platforms.Build.0 = Debug|Any CPU
		{D69F6137-15B7-4F2C-BEA5-1AB007048361}.Debug|x86.ActiveCfg = Debug|Any CPU
		{D69F6137-15B7-4F2C-BEA5-1AB007048361}.Release|Any CPU.ActiveCfg = Release|Any CPU
		{D69F6137-15B7-4F2C-BEA5-1AB007048361}.Release|Any CPU.Build.0 = Release|Any CPU
		{D69F6137-15B7-4F2C-BEA5-1AB007048361}.Release|Mixed Platforms.ActiveCfg = Release|Any CPU
		{D69F6137-15B7-4F2C-BEA5-1AB007048361}.Release|Mixed Platforms.Build.0 = Release|Any CPU
		{D69F6137-15B7-4F2C-BEA5-1AB007048361}.Release|x86.ActiveCfg = Release|Any CPU
		{D69F6137-15B7-4F2C-BEA5-1AB007048361}.Release|x86.Build.0 = Release|Any CPU
		{B6ECCDA5-1349-4574-A4FE-4801570E08F3}.Debug|Any CPU.ActiveCfg = Debug|Any CPU
		{B6ECCDA5-1349-4574-A4FE-4801570E08F3}.Debug|Any CPU.Build.0 = Debug|Any CPU
		{B6ECCDA5-1349-4574-A4FE-4801570E08F3}.Debug|Mixed Platforms.ActiveCfg = Debug|Any CPU
		{B6ECCDA5-1349-4574-A4FE-4801570E08F3}.Debug|Mixed Platforms.Build.0 = Debug|Any CPU
		{B6ECCDA5-1349-4574-A4FE-4801570E08F3}.Debug|x86.ActiveCfg = Debug|Any CPU
		{B6ECCDA5-1349-4574-A4FE-4801570E08F3}.Release|Any CPU.ActiveCfg = Release|Any CPU
		{B6ECCDA5-1349-4574-A4FE-4801570E08F3}.Release|Any CPU.Build.0 = Release|Any CPU
		{B6ECCDA5-1349-4574-A4FE-4801570E08F3}.Release|Mixed Platforms.ActiveCfg = Release|Any CPU
		{B6ECCDA5-1349-4574-A4FE-4801570E08F3}.Release|Mixed Platforms.Build.0 = Release|Any CPU
		{B6ECCDA5-1349-4574-A4FE-4801570E08F3}.Release|x86.ActiveCfg = Release|Any CPU
		{B6ECCDA5-1349-4574-A4FE-4801570E08F3}.Release|x86.Build.0 = Release|Any CPU
		{0418740E-B5E0-4A58-9390-E953F4D3E29B}.Debug|Any CPU.ActiveCfg = Debug|Any CPU
		{0418740E-B5E0-4A58-9390-E953F4D3E29B}.Debug|Any CPU.Build.0 = Debug|Any CPU
		{0418740E-B5E0-4A58-9390-E953F4D3E29B}.Debug|Mixed Platforms.ActiveCfg = Debug|Any CPU
		{0418740E-B5E0-4A58-9390-E953F4D3E29B}.Debug|Mixed Platforms.Build.0 = Debug|Any CPU
		{0418740E-B5E0-4A58-9390-E953F4D3E29B}.Debug|x86.ActiveCfg = Debug|Any CPU
		{0418740E-B5E0-4A58-9390-E953F4D3E29B}.Release|Any CPU.ActiveCfg = Release|Any CPU
		{0418740E-B5E0-4A58-9390-E953F4D3E29B}.Release|Any CPU.Build.0 = Release|Any CPU
		{0418740E-B5E0-4A58-9390-E953F4D3E29B}.Release|Mixed Platforms.ActiveCfg = Release|Any CPU
		{0418740E-B5E0-4A58-9390-E953F4D3E29B}.Release|Mixed Platforms.Build.0 = Release|Any CPU
		{0418740E-B5E0-4A58-9390-E953F4D3E29B}.Release|x86.ActiveCfg = Release|Any CPU
		{0418740E-B5E0-4A58-9390-E953F4D3E29B}.Release|x86.Build.0 = Release|Any CPU
		{DFCFC83D-6E86-452E-A5EF-BBDE98B1AD25}.Debug|Any CPU.ActiveCfg = Debug|Any CPU
		{DFCFC83D-6E86-452E-A5EF-BBDE98B1AD25}.Debug|Any CPU.Build.0 = Debug|Any CPU
		{DFCFC83D-6E86-452E-A5EF-BBDE98B1AD25}.Debug|Mixed Platforms.ActiveCfg = Debug|Any CPU
		{DFCFC83D-6E86-452E-A5EF-BBDE98B1AD25}.Debug|Mixed Platforms.Build.0 = Debug|Any CPU
		{DFCFC83D-6E86-452E-A5EF-BBDE98B1AD25}.Debug|x86.ActiveCfg = Debug|Any CPU
		{DFCFC83D-6E86-452E-A5EF-BBDE98B1AD25}.Release|Any CPU.ActiveCfg = Release|Any CPU
		{DFCFC83D-6E86-452E-A5EF-BBDE98B1AD25}.Release|Any CPU.Build.0 = Release|Any CPU
		{DFCFC83D-6E86-452E-A5EF-BBDE98B1AD25}.Release|Mixed Platforms.ActiveCfg = Release|Any CPU
		{DFCFC83D-6E86-452E-A5EF-BBDE98B1AD25}.Release|Mixed Platforms.Build.0 = Release|Any CPU
		{DFCFC83D-6E86-452E-A5EF-BBDE98B1AD25}.Release|x86.ActiveCfg = Release|Any CPU
		{DFCFC83D-6E86-452E-A5EF-BBDE98B1AD25}.Release|x86.Build.0 = Release|Any CPU
	EndGlobalSection
	GlobalSection(SolutionProperties) = preSolution
		HideSolutionNode = FALSE
	EndGlobalSection
EndGlobal
